
Microsoft Visual Studio Solution File, Format Version 12.00
# Visual Studio Version 17
VisualStudioVersion = 17.10.35027.167
MinimumVisualStudioVersion = 10.0.40219.1
Project("{FAE04EC0-301F-11D3-BF4B-00C04F79EFBC}") = "MatchGame", "MatchGame\MatchGame.csproj", "{3C69B08D-1B98-4E36-AC0D-AB05E215A09B}"
EndProject
Global
	GlobalSection(SolutionConfigurationPlatforms) = preSolution
		Debug|Any CPU = Debug|Any CPU
		Release|Any CPU = Release|Any CPU
	EndGlobalSection
	GlobalSection(ProjectConfigurationPlatforms) = postSolution
		{3C69B08D-1B98-4E36-AC0D-AB05E215A09B}.Debug|Any CPU.ActiveCfg = Debug|Any CPU
		{3C69B08D-1B98-4E36-AC0D-AB05E215A09B}.Debug|Any CPU.Build.0 = Debug|Any CPU
		{3C69B08D-1B98-4E36-AC0D-AB05E215A09B}.Release|Any CPU.ActiveCfg = Release|Any CPU
		{3C69B08D-1B98-4E36-AC0D-AB05E215A09B}.Release|Any CPU.Build.0 = Release|Any CPU
	EndGlobalSection
	GlobalSection(SolutionProperties) = preSolution
		HideSolutionNode = FALSE
	EndGlobalSection
	GlobalSection(ExtensibilityGlobals) = postSolution
		SolutionGuid = {6F55EEC2-6D3D-4ED6-B7ED-6377F1BE3847}
	EndGlobalSection
EndGlobal
